
Microsoft Visual Studio Solution File, Format Version 12.00
# Visual Studio Version 17
VisualStudioVersion = 17.9.34622.214
MinimumVisualStudioVersion = 10.0.40219.1
Project("{8BC9CEB8-8B4A-11D0-8D11-00A0C91BC942}") = "sewa lapangan", "sewa lapangan\sewa lapangan.vcxproj", "{635AEF5B-11CC-4ADA-A6A9-6A7025C5A514}"
EndProject
Global
	GlobalSection(SolutionConfigurationPlatforms) = preSolution
		Debug|x64 = Debug|x64
		Debug|x86 = Debug|x86
		Release|x64 = Release|x64
		Release|x86 = Release|x86
	EndGlobalSection
	GlobalSection(ProjectConfigurationPlatforms) = postSolution
		{635AEF5B-11CC-4ADA-A6A9-6A7025C5A514}.Debug|x64.ActiveCfg = Debug|x64
		{635AEF5B-11CC-4ADA-A6A9-6A7025C5A514}.Debug|x64.Build.0 = Debug|x64
		{635AEF5B-11CC-4ADA-A6A9-6A7025C5A514}.Debug|x86.ActiveCfg = Debug|Win32
		{635AEF5B-11CC-4ADA-A6A9-6A7025C5A514}.Debug|x86.Build.0 = Debug|Win32
		{635AEF5B-11CC-4ADA-A6A9-6A7025C5A514}.Release|x64.ActiveCfg = Release|x64
		{635AEF5B-11CC-4ADA-A6A9-6A7025C5A514}.Release|x64.Build.0 = Release|x64
		{635AEF5B-11CC-4ADA-A6A9-6A7025C5A514}.Release|x86.ActiveCfg = Release|Win32
		{635AEF5B-11CC-4ADA-A6A9-6A7025C5A514}.Release|x86.Build.0 = Release|Win32
	EndGlobalSection
	GlobalSection(SolutionProperties) = preSolution
		HideSolutionNode = FALSE
	EndGlobalSection
	GlobalSection(ExtensibilityGlobals) = postSolution
		SolutionGuid = {2631E663-ABB2-4764-88E3-AB5E0977564A}
	EndGlobalSection
EndGlobal
